github.com/benbjohnson/clock v1.3.5 h1:VvXlSJBzZpA/zum6Sj74hxwYI2DIxRWuNIoXAzHZz5o=
github.com/benbjohnson/clock v1.3.5/go.mod h1:J11/hYXuz8f4ySSvYwY0FKfm+ezbsZBKZxNJlLklBHA=
go.uber.org/ratelimit v0.3.0 h1:IdZd9wqvFXnvLvSEBo0KPcGfkoBGNkpTHlrE3Rcjkjw=
go.uber.org/ratelimit v0.3.0/go.mod h1:So5LG7CV1zWpY1sHe+DXTJqQvOx+FFPFaAs2SnoyBaI=
golang.org/x/time v0.5.0 h1:o7cqy6amK/52YcAKIPlM3a+Fpj35zvRj2TP+e1xFSfk=
golang.org/x/time v0.5.0/go.mod h1:3BpzKBy/shNhVucY/MWOyx10tF3SFh9QdLuxbVysPQM=
